
Microsoft Visual Studio Solution File, Format Version 12.00
# Visual Studio Version 16
VisualStudioVersion = 16.0.31605.320
MinimumVisualStudioVersion = 10.0.40219.1
Project("{FAE04EC0-301F-11D3-BF4B-00C04F79EFBC}") = "PavTpGrupo11", "PavTpGrupo11\PavTpGrupo11.csproj", "{121F66E9-5925-4A73-92DD-B3BF0A85C632}"
EndProject
Global
	GlobalSection(SolutionConfigurationPlatforms) = preSolution
		Debug|Any CPU = Debug|Any CPU
		Release|Any CPU = Release|Any CPU
	EndGlobalSection
	GlobalSection(ProjectConfigurationPlatforms) = postSolution
		{121F66E9-5925-4A73-92DD-B3BF0A85C632}.Debug|Any CPU.ActiveCfg = Debug|Any CPU
		{121F66E9-5925-4A73-92DD-B3BF0A85C632}.Debug|Any CPU.Build.0 = Debug|Any CPU
		{121F66E9-5925-4A73-92DD-B3BF0A85C632}.Release|Any CPU.ActiveCfg = Release|Any CPU
		{121F66E9-5925-4A73-92DD-B3BF0A85C632}.Release|Any CPU.Build.0 = Release|Any CPU
	EndGlobalSection
	GlobalSection(SolutionProperties) = preSolution
		HideSolutionNode = FALSE
	EndGlobalSection
	GlobalSection(ExtensibilityGlobals) = postSolution
		SolutionGuid = {948D98DF-FE42-48EA-85A5-662D42DBB112}
	EndGlobalSection
EndGlobal
